// !$*UTF8*$!
{
	archiveVersion = 1;
	classes = {
	};
	objectVersion = 46;
	objects = {

/* Begin PBXBuildFile section */
		04138451191CD57D002655FA /* Foundation.framework in Frameworks */ = {isa = PBXBuildFile; fileRef = 04138450191CD57D002655FA /* Foundation.framework */; };
		04138453191CD57D002655FA /* CoreGraphics.framework in Frameworks */ = {isa = PBXBuildFile; fileRef = 04138452191CD57D002655FA /* CoreGraphics.framework */; };
		04138455191CD57D002655FA /* UIKit.framework in Frameworks */ = {isa = PBXBuildFile; fileRef = 04138454191CD57D002655FA /* UIKit.framework */; };
		0413845B191CD57D002655FA /* InfoPlist.strings in Resources */ = {isa = PBXBuildFile; fileRef = 04138459191CD57D002655FA /* InfoPlist.strings */; };
		0413845D191CD57D002655FA /* main.m in Sources */ = {isa = PBXBuildFile; fileRef = 0413845C191CD57D002655FA /* main.m */; };
		04138461191CD57D002655FA /* BeaconAppDelegate.m in Sources */ = {isa = PBXBuildFile; fileRef = 04138460191CD57D002655FA /* BeaconAppDelegate.m */; };
		04138464191CD57D002655FA /* Main.storyboard in Resources */ = {isa = PBXBuildFile; fileRef = 04138462191CD57D002655FA /* Main.storyboard */; };
		04138467191CD57D002655FA /* BeaconViewController.m in Sources */ = {isa = PBXBuildFile; fileRef = 04138466191CD57D002655FA /* BeaconViewController.m */; };
		04138469191CD57D002655FA /* Images.xcassets in Resources */ = {isa = PBXBuildFile; fileRef = 04138468191CD57D002655FA /* Images.xcassets */; };
		04138470191CD57D002655FA /* XCTest.framework in Frameworks */ = {isa = PBXBuildFile; fileRef = 0413846F191CD57D002655FA /* XCTest.framework */; };
		04138471191CD57D002655FA /* Foundation.framework in Frameworks */ = {isa = PBXBuildFile; fileRef = 04138450191CD57D002655FA /* Foundation.framework */; };
		04138472191CD57D002655FA /* UIKit.framework in Frameworks */ = {isa = PBXBuildFile; fileRef = 04138454191CD57D002655FA /* UIKit.framework */; };
		0413847A191CD57D002655FA /* InfoPlist.strings in Resources */ = {isa = PBXBuildFile; fileRef = 04138478191CD57D002655FA /* InfoPlist.strings */; };
		0413847C191CD57D002655FA /* iBeacons_TutorialTests.m in Sources */ = {isa = PBXBuildFile; fileRef = 0413847B191CD57D002655FA /* iBeacons_TutorialTests.m */; };
		04138487191CD63D002655FA /* TrackViewController.m in Sources */ = {isa = PBXBuildFile; fileRef = 04138486191CD63D002655FA /* TrackViewController.m */; };
		0413848B191CD65F002655FA /* ConfigViewController.m in Sources */ = {isa = PBXBuildFile; fileRef = 0413848A191CD65F002655FA /* ConfigViewController.m */; };
		0413848E191CD6F3002655FA /* CoreBluetooth.framework in Frameworks */ = {isa = PBXBuildFile; fileRef = 0413848D191CD6F3002655FA /* CoreBluetooth.framework */; };
		04138490191CD6FA002655FA /* CoreLocation.framework in Frameworks */ = {isa = PBXBuildFile; fileRef = 0413848F191CD6FA002655FA /* CoreLocation.framework */; };
/* End PBXBuildFile section */

/* Begin PBXContainerItemProxy section */
		04138473191CD57D002655FA /* PBXContainerItemProxy */ = {
			isa = PBXContainerItemProxy;
			containerPortal = 04138445191CD57D002655FA /* Project object */;
			proxyType = 1;
			remoteGlobalIDString = 0413844C191CD57D002655FA;
			remoteInfo = "iBeacons Tutorial";
		};
/* End PBXContainerItemProxy section */

/* Begin PBXFileReference section */
		0413844D191CD57D002655FA /* iBeacons Tutorial.app */ = {isa = PBXFileReference; explicitFileType = wrapper.application; includeInIndex = 0; path = "iBeacons Tutorial.app"; sourceTree = BUILT_PRODUCTS_DIR; };
		04138450191CD57D002655FA /* Foundation.framework */ = {isa = PBXFileReference; lastKnownFileType = wrapper.framework; name = Foundation.framework; path = System/Library/Frameworks/Foundation.framework; sourceTree = SDKROOT; };
		04138452191CD57D002655FA /* CoreGraphics.framework */ = {isa = PBXFileReference; lastKnownFileType = wrapper.framework; name = CoreGraphics.framework; path = System/Library/Frameworks/CoreGraphics.framework; sourceTree = SDKROOT; };
		04138454191CD57D002655FA /* UIKit.framework */ = {isa = PBXFileReference; lastKnownFileType = wrapper.framework; name = UIKit.framework; path = System/Library/Frameworks/UIKit.framework; sourceTree = SDKROOT; };
		04138458191CD57D002655FA /* iBeacons Tutorial-Info.plist */ = {isa = PBXFileReference; lastKnownFileType = text.plist.xml; path = "iBeacons Tutorial-Info.plist"; sourceTree = "<group>"; };
		0413845A191CD57D002655FA /* en */ = {isa = PBXFileReference; lastKnownFileType = text.plist.strings; name = en; path = en.lproj/InfoPlist.strings; sourceTree = "<group>"; };
		0413845C191CD57D002655FA /* main.m */ = {isa = PBXFileReference; lastKnownFileType = sourcecode.c.objc; path = main.m; sourceTree = "<group>"; };
		0413845E191CD57D002655FA /* iBeacons Tutorial-Prefix.pch */ = {isa = PBXFileReference; lastKnownFileType = sourcecode.c.h; path = "iBeacons Tutorial-Prefix.pch"; sourceTree = "<group>"; };
		0413845F191CD57D002655FA /* BeaconAppDelegate.h */ = {isa = PBXFileReference; lastKnownFileType = sourcecode.c.h; path = BeaconAppDelegate.h; sourceTree = "<group>"; };
		04138460191CD57D002655FA /* BeaconAppDelegate.m */ = {isa = PBXFileReference; lastKnownFileType = sourcecode.c.objc; path = BeaconAppDelegate.m; sourceTree = "<group>"; };
		04138463191CD57D002655FA /* Base */ = {isa = PBXFileReference; lastKnownFileType = file.storyboard; name = Base; path = Base.lproj/Main.storyboard; sourceTree = "<group>"; };
		04138465191CD57D002655FA /* BeaconViewController.h */ = {isa = PBXFileReference; lastKnownFileType = sourcecode.c.h; path = BeaconViewController.h; sourceTree = "<group>"; };
		04138466191CD57D002655FA /* BeaconViewController.m */ = {isa = PBXFileReference; lastKnownFileType = sourcecode.c.objc; path = BeaconViewController.m; sourceTree = "<group>"; };
		04138468191CD57D002655FA /* Images.xcassets */ = {isa = PBXFileReference; lastKnownFileType = folder.assetcatalog; path = Images.xcassets; sourceTree = "<group>"; };
		0413846E191CD57D002655FA /* iBeacons TutorialTests.xctest */ = {isa = PBXFileReference; explicitFileType = wrapper.cfbundle; includeInIndex = 0; path = "iBeacons TutorialTests.xctest"; sourceTree = BUILT_PRODUCTS_DIR; };
		0413846F191CD57D002655FA /* XCTest.framework */ = {isa = PBXFileReference; lastKnownFileType = wrapper.framework; name = XCTest.framework; path = Library/Frameworks/XCTest.framework; sourceTree = DEVELOPER_DIR; };
		04138477191CD57D002655FA /* iBeacons TutorialTests-Info.plist */ = {isa = PBXFileReference; lastKnownFileType = text.plist.xml; path = "iBeacons TutorialTests-Info.plist"; sourceTree = "<group>"; };
		04138479191CD57D002655FA /* en */ = {isa = PBXFileReference; lastKnownFileType = text.plist.strings; name = en; path = en.lproj/InfoPlist.strings; sourceTree = "<group>"; };
		0413847B191CD57D002655FA /* iBeacons_TutorialTests.m */ = {isa = PBXFileReference; lastKnownFileType = sourcecode.c.objc; path = iBeacons_TutorialTests.m; sourceTree = "<group>"; };
		04138485191CD63D002655FA /* TrackViewController.h */ = {isa = PBXFileReference; fileEncoding = 4; lastKnownFileType = sourcecode.c.h; name = TrackViewController.h; path = " Track View Controller/TrackViewController.h"; sourceTree = "<group>"; };
		04138486191CD63D002655FA /* TrackViewController.m */ = {isa = PBXFileReference; fileEncoding = 4; lastKnownFileType = sourcecode.c.objc; name = TrackViewController.m; path = " Track View Controller/TrackViewController.m"; sourceTree = "<group>"; };
		04138489191CD65F002655FA /* ConfigViewController.h */ = {isa = PBXFileReference; fileEncoding = 4; lastKnownFileType = sourcecode.c.h; name = ConfigViewController.h; path = "Config View Controller/ConfigViewController.h"; sourceTree = "<group>"; };
		0413848A191CD65F002655FA /* ConfigViewController.m */ = {isa = PBXFileReference; fileEncoding = 4; lastKnownFileType = sourcecode.c.objc; name = ConfigViewController.m; path = "Config View Controller/ConfigViewController.m"; sourceTree = "<group>"; };
		0413848D191CD6F3002655FA /* CoreBluetooth.framework */ = {isa = PBXFileReference; lastKnownFileType = wrapper.framework; name = CoreBluetooth.framework; path = System/Library/Frameworks/CoreBluetooth.framework; sourceTree = SDKROOT; };
		0413848F191CD6FA002655FA /* CoreLocation.framework */ = {isa = PBXFileReference; lastKnownFileType = wrapper.framework; name = CoreLocation.framework; path = System/Library/Frameworks/CoreLocation.framework; sourceTree = SDKROOT; };
/* End PBXFileReference section */

/* Begin PBXFrameworksBuildPhase section */
		0413844A191CD57D002655FA /* Frameworks */ = {
			isa = PBXFrameworksBuildPhase;
			buildActionMask = 2147483647;
			files = (
				04138490191CD6FA002655FA /* CoreLocation.framework in Frameworks */,
				0413848E191CD6F3002655FA /* CoreBluetooth.framework in Frameworks */,
				04138453191CD57D002655FA /* CoreGraphics.framework in Frameworks */,
				04138455191CD57D002655FA /* UIKit.framework in Frameworks */,
				04138451191CD57D002655FA /* Foundation.framework in Frameworks */,
			);
			runOnlyForDeploymentPostprocessing = 0;
		};
		0413846B191CD57D002655FA /* Frameworks */ = {
			isa = PBXFrameworksBuildPhase;
			buildActionMask = 2147483647;
			files = (
				04138470191CD57D002655FA /* XCTest.framework in Frameworks */,
				04138472191CD57D002655FA /* UIKit.framework in Frameworks */,
				04138471191CD57D002655FA /* Foundation.framework in Frameworks */,
			);
			runOnlyForDeploymentPostprocessing = 0;
		};
/* End PBXFrameworksBuildPhase section */

/* Begin PBXGroup section */
		04138444191CD57D002655FA = {
			isa = PBXGroup;
			children = (
				04138456191CD57D002655FA /* iBeacons Tutorial */,
				04138475191CD57D002655FA /* iBeacons TutorialTests */,
				0413844F191CD57D002655FA /* Frameworks */,
				0413844E191CD57D002655FA /* Products */,
			);
			sourceTree = "<group>";
		};
		0413844E191CD57D002655FA /* Products */ = {
			isa = PBXGroup;
			children = (
				0413844D191CD57D002655FA /* iBeacons Tutorial.app */,
				0413846E191CD57D002655FA /* iBeacons TutorialTests.xctest */,
			);
			name = Products;
			sourceTree = "<group>";
		};
		0413844F191CD57D002655FA /* Frameworks */ = {
			isa = PBXGroup;
			children = (
				0413848F191CD6FA002655FA /* CoreLocation.framework */,
				0413848D191CD6F3002655FA /* CoreBluetooth.framework */,
				04138450191CD57D002655FA /* Foundation.framework */,
				04138452191CD57D002655FA /* CoreGraphics.framework */,
				04138454191CD57D002655FA /* UIKit.framework */,
				0413846F191CD57D002655FA /* XCTest.framework */,
			);
			name = Frameworks;
			sourceTree = "<group>";
		};
		04138456191CD57D002655FA /* iBeacons Tutorial */ = {
			isa = PBXGroup;
			children = (
				0413848C191CD663002655FA /* Config View Controller */,
				04138488191CD645002655FA /*  Track View Controller */,
				0413845F191CD57D002655FA /* BeaconAppDelegate.h */,
				04138460191CD57D002655FA /* BeaconAppDelegate.m */,
				04138462191CD57D002655FA /* Main.storyboard */,
				04138465191CD57D002655FA /* BeaconViewController.h */,
				04138466191CD57D002655FA /* BeaconViewController.m */,
				04138468191CD57D002655FA /* Images.xcassets */,
				04138457191CD57D002655FA /* Supporting Files */,
			);
			path = "iBeacons Tutorial";
			sourceTree = "<group>";
		};
		04138457191CD57D002655FA /* Supporting Files */ = {
			isa = PBXGroup;
			children = (
				04138458191CD57D002655FA /* iBeacons Tutorial-Info.plist */,
				04138459191CD57D002655FA /* InfoPlist.strings */,
				0413845C191CD57D002655FA /* main.m */,
				0413845E191CD57D002655FA /* iBeacons Tutorial-Prefix.pch */,
			);
			name = "Supporting Files";
			sourceTree = "<group>";
		};
		04138475191CD57D002655FA /* iBeacons TutorialTests */ = {
			isa = PBXGroup;
			children = (
				0413847B191CD57D002655FA /* iBeacons_TutorialTests.m */,
				04138476191CD57D002655FA /* Supporting Files */,
			);
			path = "iBeacons TutorialTests";
			sourceTree = "<group>";
		};
		04138476191CD57D002655FA /* Supporting Files */ = {
			isa = PBXGroup;
			children = (
				04138477191CD57D002655FA /* iBeacons TutorialTests-Info.plist */,
				04138478191CD57D002655FA /* InfoPlist.strings */,
			);
			name = "Supporting Files";
			sourceTree = "<group>";
		};
		04138488191CD645002655FA /*  Track View Controller */ = {
			isa = PBXGroup;
			children = (
				04138485191CD63D002655FA /* TrackViewController.h */,
				04138486191CD63D002655FA /* TrackViewController.m */,
			);
			name = " Track View Controller";
			sourceTree = "<group>";
		};
		0413848C191CD663002655FA /* Config View Controller */ = {
			isa = PBXGroup;
			children = (
				04138489191CD65F002655FA /* ConfigViewController.h */,
				0413848A191CD65F002655FA /* ConfigViewController.m */,
			);
			name = "Config View Controller";
			sourceTree = "<group>";
		};
/* End PBXGroup section */

/* Begin PBXNativeTarget section */
		0413844C191CD57D002655FA /* iBeacons Tutorial */ = {
			isa = PBXNativeTarget;
			buildConfigurationList = 0413847F191CD57D002655FA /* Build configuration list for PBXNativeTarget "iBeacons Tutorial" */;
			buildPhases = (
				04138449191CD57D002655FA /* Sources */,
				0413844A191CD57D002655FA /* Frameworks */,
				0413844B191CD57D002655FA /* Resources */,
			);
			buildRules = (
			);
			dependencies = (
			);
			name = "iBeacons Tutorial";
			productName = "iBeacons Tutorial";
			productReference = 0413844D191CD57D002655FA /* iBeacons Tutorial.app */;
			productType = "com.apple.product-type.application";
		};
		0413846D191CD57D002655FA /* iBeacons TutorialTests */ = {
			isa = PBXNativeTarget;
			buildConfigurationList = 04138482191CD57D002655FA /* Build configuration list for PBXNativeTarget "iBeacons TutorialTests" */;
			buildPhases = (
				0413846A191CD57D002655FA /* Sources */,
				0413846B191CD57D002655FA /* Frameworks */,
				0413846C191CD57D002655FA /* Resources */,
			);
			buildRules = (
			);
			dependencies = (
				04138474191CD57D002655FA /* PBXTargetDependency */,
			);
			name = "iBeacons TutorialTests";
			productName = "iBeacons TutorialTests";
			productReference = 0413846E191CD57D002655FA /* iBeacons TutorialTests.xctest */;
			productType = "com.apple.product-type.bundle.unit-test";
		};
/* End PBXNativeTarget section */

/* Begin PBXProject section */
		04138445191CD57D002655FA /* Project object */ = {
			isa = PBXProject;
			attributes = {
				CLASSPREFIX = Beacon;
				LastUpgradeCheck = 0510;
				ORGANIZATIONNAME = PoloMac;
				TargetAttributes = {
					0413846D191CD57D002655FA = {
						TestTargetID = 0413844C191CD57D002655FA;
					};
				};
			};
			buildConfigurationList = 04138448191CD57D002655FA /* Build configuration list for PBXProject "iBeacons Tutorial" */;
			compatibilityVersion = "Xcode 3.2";
			developmentRegion = English;
			hasScannedForEncodings = 0;
			knownRegions = (
				en,
				Base,
			);
			mainGroup = 04138444191CD57D002655FA;
			productRefGroup = 0413844E191CD57D002655FA /* Products */;
			projectDirPath = "";
			projectRoot = "";
			targets = (
				0413844C191CD57D002655FA /* iBeacons Tutorial */,
				0413846D191CD57D002655FA /* iBeacons TutorialTests */,
			);
		};
/* End PBXProject section */

/* Begin PBXResourcesBuildPhase section */
		0413844B191CD57D002655FA /* Resources */ = {
			isa = PBXResourcesBuildPhase;
			buildActionMask = 2147483647;
			files = (
				04138469191CD57D002655FA /* Images.xcassets in Resources */,
				0413845B191CD57D002655FA /* InfoPlist.strings in Resources */,
				04138464191CD57D002655FA /* Main.storyboard in Resources */,
			);
			runOnlyForDeploymentPostprocessing = 0;
		};
		0413846C191CD57D002655FA /* Resources */ = {
			isa = PBXResourcesBuildPhase;
			buildActionMask = 2147483647;
			files = (
				0413847A191CD57D002655FA /* InfoPlist.strings in Resources */,
			);
			runOnlyForDeploymentPostprocessing = 0;
		};
/* End PBXResourcesBuildPhase section */

/* Begin PBXSourcesBuildPhase section */
		04138449191CD57D002655FA /* Sources */ = {
			isa = PBXSourcesBuildPhase;
			buildActionMask = 2147483647;
			files = (
				04138487191CD63D002655FA /* TrackViewController.m in Sources */,
				04138461191CD57D002655FA /* BeaconAppDelegate.m in Sources */,
				0413848B191CD65F002655FA /* ConfigViewController.m in Sources */,
				0413845D191CD57D002655FA /* main.m in Sources */,
				04138467191CD57D002655FA /* BeaconViewController.m in Sources */,
			);
			runOnlyForDeploymentPostprocessing = 0;
		};
		0413846A191CD57D002655FA /* Sources */ = {
			isa = PBXSourcesBuildPhase;
			buildActionMask = 2147483647;
			files = (
				0413847C191CD57D002655FA /* iBeacons_TutorialTests.m in Sources */,
			);
			runOnlyForDeploymentPostprocessing = 0;
		};
/* End PBXSourcesBuildPhase section */

/* Begin PBXTargetDependency section */
		04138474191CD57D002655FA /* PBXTargetDependency */ = {
			isa = PBXTargetDependency;
			target = 0413844C191CD57D002655FA /* iBeacons Tutorial */;
			targetProxy = 04138473191CD57D002655FA /* PBXContainerItemProxy */;
		};
/* End PBXTargetDependency section */

/* Begin PBXVariantGroup section */
		04138459191CD57D002655FA /* InfoPlist.strings */ = {
			isa = PBXVariantGroup;
			children = (
				0413845A191CD57D002655FA /* en */,
			);
			name = InfoPlist.strings;
			sourceTree = "<group>";
		};
		04138462191CD57D002655FA /* Main.storyboard */ = {
			isa = PBXVariantGroup;
			children = (
				04138463191CD57D002655FA /* Base */,
			);
			name = Main.storyboard;
			sourceTree = "<group>";
		};
		04138478191CD57D002655FA /* InfoPlist.strings */ = {
			isa = PBXVariantGroup;
			children = (
				04138479191CD57D002655FA /* en */,
			);
			name = InfoPlist.strings;
			sourceTree = "<group>";
		};
/* End PBXVariantGroup section */

/* Begin XCBuildConfiguration section */
		0413847D191CD57D002655FA /* Debug */ = {
			isa = XCBuildConfiguration;
			buildSettings = {
				ALWAYS_SEARCH_USER_PATHS = NO;
				CLANG_CXX_LANGUAGE_STANDARD = "gnu++0x";
				CLANG_CXX_LIBRARY = "libc++";
				CLANG_ENABLE_MODULES = YES;
				CLANG_ENABLE_OBJC_ARC = YES;
				CLANG_WARN_BOOL_CONVERSION = YES;
				CLANG_WARN_CONSTANT_CONVERSION = YES;
				CLANG_WARN_DIRECT_OBJC_ISA_USAGE = YES_ERROR;
				CLANG_WARN_EMPTY_BODY = YES;
				CLANG_WARN_ENUM_CONVERSION = YES;
				CLANG_WARN_INT_CONVERSION = YES;
				CLANG_WARN_OBJC_ROOT_CLASS = YES_ERROR;
				CLANG_WARN__DUPLICATE_METHOD_MATCH = YES;
				"CODE_SIGN_IDENTITY[sdk=iphoneos*]" = "iPhone Developer";
				COPY_PHASE_STRIP = NO;
				GCC_C_LANGUAGE_STANDARD = gnu99;
				GCC_DYNAMIC_NO_PIC = NO;
				GCC_OPTIMIZATION_LEVEL = 0;
				GCC_PREPROCESSOR_DEFINITIONS = (
					"DEBUG=1",
					"$(inherited)",
				);
				GCC_SYMBOLS_PRIVATE_EXTERN = NO;
				GCC_WARN_64_TO_32_BIT_CONVERSION = YES;
				GCC_WARN_ABOUT_RETURN_TYPE = YES_ERROR;
				GCC_WARN_UNDECLARED_SELECTOR = YES;
				GCC_WARN_UNINITIALIZED_AUTOS = YES_AGGRESSIVE;
				GCC_WARN_UNUSED_FUNCTION = YES;
				GCC_WARN_UNUSED_VARIABLE = YES;
				IPHONEOS_DEPLOYMENT_TARGET = 7.0;
				ONLY_ACTIVE_ARCH = YES;
				SDKROOT = iphoneos;
			};
			name = Debug;
		};
		0413847E191CD57D002655FA /* Release */ = {
			isa = XCBuildConfiguration;
			buildSettings = {
				ALWAYS_SEARCH_USER_PATHS = NO;
				CLANG_CXX_LANGUAGE_STANDARD = "gnu++0x";
				CLANG_CXX_LIBRARY = "libc++";
				CLANG_ENABLE_MODULES = YES;
				CLANG_ENABLE_OBJC_ARC = YES;
				CLANG_WARN_BOOL_CONVERSION = YES;
				CLANG_WARN_CONSTANT_CONVERSION = YES;
				CLANG_WARN_DIRECT_OBJC_ISA_USAGE = YES_ERROR;
				CLANG_WARN_EMPTY_BODY = YES;
				CLANG_WARN_ENUM_CONVERSION = YES;
				CLANG_WARN_INT_CONVERSION = YES;
				CLANG_WARN_OBJC_ROOT_CLASS = YES_ERROR;
				CLANG_WARN__DUPLICATE_METHOD_MATCH = YES;
				"CODE_SIGN_IDENTITY[sdk=iphoneos*]" = "iPhone Developer";
				COPY_PHASE_STRIP = YES;
				ENABLE_NS_ASSERTIONS = NO;
				GCC_C_LANGUAGE_STANDARD = gnu99;
				GCC_WARN_64_TO_32_BIT_CONVERSION = YES;
				GCC_WARN_ABOUT_RETURN_TYPE = YES_ERROR;
				GCC_WARN_UNDECLARED_SELECTOR = YES;
				GCC_WARN_UNINITIALIZED_AUTOS = YES_AGGRESSIVE;
				GCC_WARN_UNUSED_FUNCTION = YES;
				GCC_WARN_UNUSED_VARIABLE = YES;
				IPHONEOS_DEPLOYMENT_TARGET = 7.0;
				SDKROOT = iphoneos;
				VALIDATE_PRODUCT = YES;
			};
			name = Release;
		};
		04138480191CD57D002655FA /* Debug */ = {
			isa = XCBuildConfiguration;
			buildSettings = {
				ASSETCATALOG_COMPILER_APPICON_NAME = AppIcon;
				ASSETCATALOG_COMPILER_LAUNCHIMAGE_NAME = LaunchImage;
				CODE_SIGN_IDENTITY = "iPhone Developer: Feng-Yuan Li (EL986A65VN)";
				"CODE_SIGN_IDENTITY[sdk=iphoneos*]" = "iPhone Developer: Feng-Yuan Li (EL986A65VN)";
				GCC_PRECOMPILE_PREFIX_HEADER = YES;
				GCC_PREFIX_HEADER = "iBeacons Tutorial/iBeacons Tutorial-Prefix.pch";
				INFOPLIST_FILE = "iBeacons Tutorial/iBeacons Tutorial-Info.plist";
				IPHONEOS_DEPLOYMENT_TARGET = 6.0;
				PRODUCT_NAME = "$(TARGET_NAME)";
				PROVISIONING_PROFILE = "C7B4C2C1-080F-44D0-8E98-90DF436459F4";
				WRAPPER_EXTENSION = app;
			};
			name = Debug;
		};
		04138481191CD57D002655FA /* Release */ = {
			isa = XCBuildConfiguration;
			buildSettings = {
				ASSETCATALOG_COMPILER_APPICON_NAME = AppIcon;
				ASSETCATALOG_COMPILER_LAUNCHIMAGE_NAME = LaunchImage;
				CODE_SIGN_IDENTITY = "iPhone Developer: Feng-Yuan Li (EL986A65VN)";
				GCC_PRECOMPILE_PREFIX_HEADER = YES;
				GCC_PREFIX_HEADER = "iBeacons Tutorial/iBeacons Tutorial-Prefix.pch";
				INFOPLIST_FILE = "iBeacons Tutorial/iBeacons Tutorial-Info.plist";
				IPHONEOS_DEPLOYMENT_TARGET = 6.0;
				PRODUCT_NAME = "$(TARGET_NAME)";
				PROVISIONING_PROFILE = "C7B4C2C1-080F-44D0-8E98-90DF436459F4";
				WRAPPER_EXTENSION = app;
			};
			name = Release;
		};
		04138483191CD57D002655FA /* Debug */ = {
			isa = XCBuildConfiguration;
			buildSettings = {
				BUNDLE_LOADER = "$(BUILT_PRODUCTS_DIR)/iBeacons Tutorial.app/iBeacons Tutorial";
				FRAMEWORK_SEARCH_PATHS = (
					"$(SDKROOT)/Developer/Library/Frameworks",
					"$(inherited)",
					"$(DEVELOPER_FRAMEWORKS_DIR)",
				);
				GCC_PRECOMPILE_PREFIX_HEADER = YES;
				GCC_PREFIX_HEADER = "iBeacons Tutorial/iBeacons Tutorial-Prefix.pch";
				GCC_PREPROCESSOR_DEFINITIONS = (
					"DEBUG=1",
					"$(inherited)",
				);
				INFOPLIST_FILE = "iBeacons TutorialTests/iBeacons TutorialTests-Info.plist";
				PRODUCT_NAME = "$(TARGET_NAME)";
				TEST_HOST = "$(BUNDLE_LOADER)";
				WRAPPER_EXTENSION = xctest;
			};
			name = Debug;
		};
		04138484191CD57D002655FA /* Release */ = {
			isa = XCBuildConfiguration;
			buildSettings = {
				BUNDLE_LOADER = "$(BUILT_PRODUCTS_DIR)/iBeacons Tutorial.app/iBeacons Tutorial";
				FRAMEWORK_SEARCH_PATHS = (
					"$(SDKROOT)/Developer/Library/Frameworks",
					"$(inherited)",
					"$(DEVELOPER_FRAMEWORKS_DIR)",
				);
				GCC_PRECOMPILE_PREFIX_HEADER = YES;
				GCC_PREFIX_HEADER = "iBeacons Tutorial/iBeacons Tutorial-Prefix.pch";
				INFOPLIST_FILE = "iBeacons TutorialTests/iBeacons TutorialTests-Info.plist";
				PRODUCT_NAME = "$(TARGET_NAME)";
				TEST_HOST = "$(BUNDLE_LOADER)";
				WRAPPER_EXTENSION = xctest;
			};
			name = Release;
		};
/* End XCBuildConfiguration section */

/* Begin XCConfigurationList section */
		04138448191CD57D002655FA /* Build configuration list for PBXProject "iBeacons Tutorial" */ = {
			isa = XCConfigurationList;
			buildConfigurations = (
				0413847D191CD57D002655FA /* Debug */,
				0413847E191CD57D002655FA /* Release */,
			);
			defaultConfigurationIsVisible = 0;
			defaultConfigurationName = Release;
		};
		0413847F191CD57D002655FA /* Build configuration list for PBXNativeTarget "iBeacons Tutorial" */ = {
			isa = XCConfigurationList;
			buildConfigurations = (
				04138480191CD57D002655FA /* Debug */,
				04138481191CD57D002655FA /* Release */,
			);
			defaultConfigurationIsVisible = 0;
			defaultConfigurationName = Release;
		};
		04138482191CD57D002655FA /* Build configuration list for PBXNativeTarget "iBeacons TutorialTests" */ = {
			isa = XCConfigurationList;
			buildConfigurations = (
				04138483191CD57D002655FA /* Debug */,
				04138484191CD57D002655FA /* Release */,
			);
			defaultConfigurationIsVisible = 0;
			defaultConfigurationName = Release;
		};
/* End XCConfigurationList section */
	};
	rootObject = 04138445191CD57D002655FA /* Project object */;
}
